
Microsoft Visual Studio Solution File, Format Version 12.00
# Visual Studio Version 17
VisualStudioVersion = 17.3.32922.545
MinimumVisualStudioVersion = 10.0.40219.1
Project("{9A19103F-16F7-4668-BE54-9A1E7A4F7556}") = "API", "API\API.csproj", "{FD7E623C-242A-47F7-A75C-4DBDEA067000}"
EndProject
Project("{9A19103F-16F7-4668-BE54-9A1E7A4F7556}") = "Domain", "Domain\Domain.csproj", "{8078D49F-3D28-4AF0-8622-3A57EBFC9DAC}"
EndProject
Project("{9A19103F-16F7-4668-BE54-9A1E7A4F7556}") = "Services", "Services\Services.csproj", "{9B394764-B328-4519-A217-DD50E1CC3C8A}"
EndProject
Project("{9A19103F-16F7-4668-BE54-9A1E7A4F7556}") = "Infra", "Infra\Infra.csproj", "{5CA9EFB7-7121-42FE-81E7-485A81203685}"
EndProject
Global
	GlobalSection(SolutionConfigurationPlatforms) = preSolution
		Debug|Any CPU = Debug|Any CPU
		Release|Any CPU = Release|Any CPU
	EndGlobalSection
	GlobalSection(ProjectConfigurationPlatforms) = postSolution
		{FD7E623C-242A-47F7-A75C-4DBDEA067000}.Debug|Any CPU.ActiveCfg = Debug|Any CPU
		{FD7E623C-242A-47F7-A75C-4DBDEA067000}.Debug|Any CPU.Build.0 = Debug|Any CPU
		{FD7E623C-242A-47F7-A75C-4DBDEA067000}.Release|Any CPU.ActiveCfg = Release|Any CPU
		{FD7E623C-242A-47F7-A75C-4DBDEA067000}.Release|Any CPU.Build.0 = Release|Any CPU
		{8078D49F-3D28-4AF0-8622-3A57EBFC9DAC}.Debug|Any CPU.ActiveCfg = Debug|Any CPU
		{8078D49F-3D28-4AF0-8622-3A57EBFC9DAC}.Debug|Any CPU.Build.0 = Debug|Any CPU
		{8078D49F-3D28-4AF0-8622-3A57EBFC9DAC}.Release|Any CPU.ActiveCfg = Release|Any CPU
		{8078D49F-3D28-4AF0-8622-3A57EBFC9DAC}.Release|Any CPU.Build.0 = Release|Any CPU
		{9B394764-B328-4519-A217-DD50E1CC3C8A}.Debug|Any CPU.ActiveCfg = Debug|Any CPU
		{9B394764-B328-4519-A217-DD50E1CC3C8A}.Debug|Any CPU.Build.0 = Debug|Any CPU
		{9B394764-B328-4519-A217-DD50E1CC3C8A}.Release|Any CPU.ActiveCfg = Release|Any CPU
		{9B394764-B328-4519-A217-DD50E1CC3C8A}.Release|Any CPU.Build.0 = Release|Any CPU
		{5CA9EFB7-7121-42FE-81E7-485A81203685}.Debug|Any CPU.ActiveCfg = Debug|Any CPU
		{5CA9EFB7-7121-42FE-81E7-485A81203685}.Debug|Any CPU.Build.0 = Debug|Any CPU
		{5CA9EFB7-7121-42FE-81E7-485A81203685}.Release|Any CPU.ActiveCfg = Release|Any CPU
		{5CA9EFB7-7121-42FE-81E7-485A81203685}.Release|Any CPU.Build.0 = Release|Any CPU
	EndGlobalSection
	GlobalSection(SolutionProperties) = preSolution
		HideSolutionNode = FALSE
	EndGlobalSection
	GlobalSection(ExtensibilityGlobals) = postSolution
		SolutionGuid = {0EB681E2-D56C-4F63-8A70-B11EAAC7A50E}
	EndGlobalSection
EndGlobal
